
Microsoft Visual Studio Solution File, Format Version 12.00
# Visual Studio 14
VisualStudioVersion = 14.0.23107.0
MinimumVisualStudioVersion = 10.0.40219.1
Project("{2150E333-8FDC-42A3-9474-1A3956D46DE8}") = "src", "src", "{96AC6B6E-6830-4B6E-A7E6-B89416FE39B7}"
EndProject
Project("{2150E333-8FDC-42A3-9474-1A3956D46DE8}") = "Solution Items", "Solution Items", "{539CC430-0110-4B55-B3CF-BEFC62952BC6}"
	ProjectSection(SolutionItems) = preProject
		global.json = global.json
		NuGet.Config = NuGet.Config
	EndProjectSection
EndProject
Project("{8BB2217D-0F2D-49D1-97BC-3654ED321F3B}") = "Demo1", "src\Demo1\Demo1.xproj", "{9A27E9E4-119D-4735-B0F8-9B45C5D39CF5}"
EndProject
Project("{8BB2217D-0F2D-49D1-97BC-3654ED321F3B}") = "Demo2", "src\Demo2\Demo2.xproj", "{BB897C3F-2750-485F-B379-E024C49CF15A}"
EndProject
Global
	GlobalSection(SolutionConfigurationPlatforms) = preSolution
		Debug|Any CPU = Debug|Any CPU
		Release|Any CPU = Release|Any CPU
	EndGlobalSection
	GlobalSection(ProjectConfigurationPlatforms) = postSolution
		{9A27E9E4-119D-4735-B0F8-9B45C5D39CF5}.Debug|Any CPU.ActiveCfg = Debug|Any CPU
		{9A27E9E4-119D-4735-B0F8-9B45C5D39CF5}.Debug|Any CPU.Build.0 = Debug|Any CPU
		{9A27E9E4-119D-4735-B0F8-9B45C5D39CF5}.Release|Any CPU.ActiveCfg = Release|Any CPU
		{9A27E9E4-119D-4735-B0F8-9B45C5D39CF5}.Release|Any CPU.Build.0 = Release|Any CPU
		{BB897C3F-2750-485F-B379-E024C49CF15A}.Debug|Any CPU.ActiveCfg = Debug|Any CPU
		{BB897C3F-2750-485F-B379-E024C49CF15A}.Debug|Any CPU.Build.0 = Debug|Any CPU
		{BB897C3F-2750-485F-B379-E024C49CF15A}.Release|Any CPU.ActiveCfg = Release|Any CPU
		{BB897C3F-2750-485F-B379-E024C49CF15A}.Release|Any CPU.Build.0 = Release|Any CPU
	EndGlobalSection
	GlobalSection(SolutionProperties) = preSolution
		HideSolutionNode = FALSE
	EndGlobalSection
	GlobalSection(NestedProjects) = preSolution
		{9A27E9E4-119D-4735-B0F8-9B45C5D39CF5} = {96AC6B6E-6830-4B6E-A7E6-B89416FE39B7}
		{BB897C3F-2750-485F-B379-E024C49CF15A} = {96AC6B6E-6830-4B6E-A7E6-B89416FE39B7}
	EndGlobalSection
EndGlobal
